{
    "_readme": [
        "This file locks the dependencies of your project to a known state",
        "Read more about it at https://getcomposer.org/doc/01-basic-usage.md#installing-dependencies",
        "This file is @generated automatically"
    ],
    "content-hash": "6ccd04e2014b2e7b7608cf16372df9a9",
    "packages": [
        {
            "name": "brick/math",
            "version": "0.11.0",
            "source": {
                "type": "git",
                "url": "https://github.com/brick/math.git",
                "reference": "0ad82ce168c82ba30d1c01ec86116ab52f589478"
            },
            "dist": {
                "type": "zip",
                "url": "https://api.github.com/repos/brick/math/zipball/0ad82ce168c82ba30d1c01ec86116ab52f589478",
                "reference": "0ad82ce168c82ba30d1c01ec86116ab52f589478",
                "shasum": ""
            },
            "require": {
                "php": "^8.0"
            },
            "require-dev": {
                "php-coveralls/php-coveralls": "^2.2",
                "phpunit/phpunit": "^9.0",
                "vimeo/psalm": "5.0.0"
            },
            "type": "library",
            "autoload": {
                "psr-4": {
                    "Brick\\Math\\": "src/"
                }
            },
            "notification-url": "https://packagist.org/downloads/",
            "license": [
                "MIT"
            ],
            "description": "Arbitrary-precision arithmetic library",
            "keywords": [
                "Arbitrary-precision",
                "BigInteger",
                "BigRational",
                "arithmetic",
                "bigdecimal",
                "bignum",
                "brick",
                "math"
            ],
            "support": {
                "issues": "https://github.com/brick/math/issues",
                "source": "https://github.com/brick/math/tree/0.11.0"
            },
            "funding": [
                {
                    "url": "https://github.com/BenMorel",
                    "type": "github"
                }
            ],
            "time": "2023-01-15T23:15:59+00:00"
        },
        {
            "name": "dragonmantank/cron-expression",
            "version": "v3.3.3",
            "source": {
                "type": "git",
                "url": "https://github.com/dragonmantank/cron-expression.git",
                "reference": "adfb1f505deb6384dc8b39804c5065dd3c8c8c0a"
            },
            "dist": {
                "type": "zip",
                "url": "https://api.github.com/repos/dragonmantank/cron-expression/zipball/adfb1f505deb6384dc8b39804c5065dd3c8c8c0a",
                "reference": "adfb1f505deb6384dc8b39804c5065dd3c8c8c0a",
                "shasum": ""
            },
            "require": {
                "php": "^7.2|^8.0",
                "webmozart/assert": "^1.0"
            },
            "replace": {
                "mtdowling/cron-expression": "^1.0"
            },
            "require-dev": {
                "phpstan/extension-installer": "^1.0",
                "phpstan/phpstan": "^1.0",
                "phpstan/phpstan-webmozart-assert": "^1.0",
                "phpunit/phpunit": "^7.0|^8.0|^9.0"
            },
            "type": "library",
            "autoload": {
                "psr-4": {
                    "Cron\\": "src/Cron/"
                }
            },
            "notification-url": "https://packagist.org/downloads/",
            "license": [
                "MIT"
            ],
            "authors": [
                {
                    "name": "Chris Tankersley",
                    "email": "chris@ctankersley.com",
                    "homepage": "https://github.com/dragonmantank"
                }
            ],
            "description": "CRON for PHP: Calculate the next or previous run date and determine if a CRON expression is due",
            "keywords": [
                "cron",
                "schedule"
            ],
            "support": {
                "issues": "https://github.com/dragonmantank/cron-expression/issues",
                "source": "https://github.com/dragonmantank/cron-expression/tree/v3.3.3"
            },
            "funding": [
                {
                    "url": "https://github.com/dragonmantank",
                    "type": "github"
                }
            ],
            "time": "2023-08-10T19:36:49+00:00"
        },
        {
            "name": "losthost/bot-view",
            "version": "v2.2.3",
            "source": {
                "type": "git",
                "url": "https://github.com/Datahider/BotView.git",
                "reference": "a9c74ebef7326ca5db31dcb6cf3e99ea22f6e717"
            },
            "dist": {
                "type": "zip",
                "url": "https://api.github.com/repos/Datahider/BotView/zipball/a9c74ebef7326ca5db31dcb6cf3e99ea22f6e717",
                "reference": "a9c74ebef7326ca5db31dcb6cf3e99ea22f6e717",
                "shasum": ""
            },
            "require": {
                "losthost/template-helper": "v1.0.0",
                "telegram-bot/api": "2.6.x-dev"
            },
            "require-dev": {
                "phpunit/phpunit": "10.3.5"
            },
            "type": "library",
            "autoload": {
                "psr-4": {
                    "losthost\\BotView\\": "src/"
                }
            },
            "notification-url": "https://packagist.org/downloads/",
            "authors": [
                {
                    "name": "drweb",
                    "email": "pio@pio.su"
                }
            ],
            "description": "Description of project Swanctl-BotView.",
            "support": {
                "issues": "https://github.com/Datahider/BotView/issues",
                "source": "https://github.com/Datahider/BotView/tree/v2.2.3"
            },
            "time": "2024-01-03T04:09:12+00:00"
        },
        {
            "name": "losthost/db",
            "version": "v3.0.10-beta",
            "source": {
                "type": "git",
                "url": "https://github.com/Datahider/DB.git",
                "reference": "b7d7ad9253f0dc8b6304dce0d6853dd699bc4690"
            },
            "dist": {
                "type": "zip",
                "url": "https://api.github.com/repos/Datahider/DB/zipball/b7d7ad9253f0dc8b6304dce0d6853dd699bc4690",
                "reference": "b7d7ad9253f0dc8b6304dce0d6853dd699bc4690",
                "shasum": ""
            },
            "require": {
                "php": "^8.1.1"
            },
            "require-dev": {
                "phpunit/phpunit": "10.4.2"
            },
            "type": "class",
            "autoload": {
                "psr-4": {
                    "losthost\\DB\\": "src",
                    "losthost\\DB\\test\\": "test"
                }
            },
            "notification-url": "https://packagist.org/downloads/",
            "license": [
                "MIT"
            ],
            "authors": [
                {
                    "name": "Peter Ioannidis",
                    "email": "pio@pio.su",
                    "homepage": "https://i.pio.su",
                    "role": "Ideologist"
                }
            ],
            "description": "Database access with so called DB Objects (descendants of class DBObject)",
            "homepage": "https://github.com/datahider/DB",
            "keywords": [
                "database",
                "db"
            ],
            "support": {
                "issues": "https://github.com/Datahider/DB/issues",
                "source": "https://github.com/Datahider/DB/tree/v3.0.10-beta"
            },
            "time": "2024-02-11T15:31:52+00:00"
        },
        {
            "name": "losthost/passg",
            "version": "v1.1.0",
            "source": {
                "type": "git",
                "url": "https://github.com/Datahider/passg.git",
                "reference": "a4dade9463c74b2ea341ede6c04dd700e1c57cf7"
            },
            "dist": {
                "type": "zip",
                "url": "https://api.github.com/repos/Datahider/passg/zipball/a4dade9463c74b2ea341ede6c04dd700e1c57cf7",
                "reference": "a4dade9463c74b2ea341ede6c04dd700e1c57cf7",
                "shasum": ""
            },
            "require-dev": {
                "phpunit/phpunit": "10.3.5"
            },
            "type": "library",
            "autoload": {
                "psr-4": {
                    "losthost\\passg\\": "src/"
                }
            },
            "notification-url": "https://packagist.org/downloads/",
            "license": [
                "MIT"
            ],
            "authors": [
                {
                    "name": "Datahider",
                    "email": "pio@pio.su"
                }
            ],
            "description": "A simple and useful password generator that can generate passwords of different symbol classes",
            "support": {
                "issues": "https://github.com/Datahider/passg/issues",
                "source": "https://github.com/Datahider/passg/tree/v1.1.0"
            },
            "time": "2023-09-30T18:07:28+00:00"
        },
        {
            "name": "losthost/telle",
            "version": "dev-master",
            "source": {
                "type": "git",
                "url": "https://github.com/Datahider/Telle.git",
                "reference": "f0988a79a9b99e443383fbe682f185c68cb77561"
            },
            "dist": {
                "type": "zip",
                "url": "https://api.github.com/repos/Datahider/Telle/zipball/f0988a79a9b99e443383fbe682f185c68cb77561",
                "reference": "f0988a79a9b99e443383fbe682f185c68cb77561",
                "shasum": ""
            },
            "require": {
                "dragonmantank/cron-expression": "v3.3.3",
                "losthost/db": "^3",
                "php": ">=8.1.1",
                "telegram-bot/api": "2.6.x-dev"
            },
            "default-branch": true,
            "type": "library",
            "autoload": {
                "psr-4": {
                    "losthost\\telle\\": "src/"
                }
            },
            "notification-url": "https://packagist.org/downloads/",
            "authors": [
                {
                    "name": "drweb",
                    "email": "pio@pio.su"
                }
            ],
            "description": "A simple template for extreme complex bot",
            "support": {
                "issues": "https://github.com/Datahider/Telle/issues",
                "source": "https://github.com/Datahider/Telle/tree/v4.0.10a"
            },
            "time": "2023-12-11T20:49:04+00:00"
        },
        {
            "name": "losthost/template-helper",
            "version": "v1.0.0",
            "source": {
                "type": "git",
                "url": "https://github.com/Datahider/Template-Helper.git",
                "reference": "ac736193cf0ddb34eac43dc6f2dab5b104777f75"
            },
            "dist": {
                "type": "zip",
                "url": "https://api.github.com/repos/Datahider/Template-Helper/zipball/ac736193cf0ddb34eac43dc6f2dab5b104777f75",
                "reference": "ac736193cf0ddb34eac43dc6f2dab5b104777f75",
                "shasum": ""
            },
            "require-dev": {
                "phpunit/phpunit": "10.3.5"
            },
            "type": "library",
            "autoload": {
                "psr-4": {
                    "losthost\\templateHelper\\": "src/"
                }
            },
            "notification-url": "https://packagist.org/downloads/",
            "authors": [
                {
                    "name": "drweb",
                    "email": "pio@pio.su"
                }
            ],
            "description": "A helper class to use php-templates",
            "support": {
                "issues": "https://github.com/Datahider/Template-Helper/issues",
                "source": "https://github.com/Datahider/Template-Helper/tree/v1.0.0"
            },
            "time": "2023-10-06T00:12:12+00:00"
        },
        {
            "name": "ramsey/collection",
            "version": "2.0.0",
            "source": {
                "type": "git",
                "url": "https://github.com/ramsey/collection.git",
                "reference": "a4b48764bfbb8f3a6a4d1aeb1a35bb5e9ecac4a5"
            },
            "dist": {
                "type": "zip",
                "url": "https://api.github.com/repos/ramsey/collection/zipball/a4b48764bfbb8f3a6a4d1aeb1a35bb5e9ecac4a5",
                "reference": "a4b48764bfbb8f3a6a4d1aeb1a35bb5e9ecac4a5",
                "shasum": ""
            },
            "require": {
                "php": "^8.1"
            },
            "require-dev": {
                "captainhook/plugin-composer": "^5.3",
                "ergebnis/composer-normalize": "^2.28.3",
                "fakerphp/faker": "^1.21",
                "hamcrest/hamcrest-php": "^2.0",
                "jangregor/phpstan-prophecy": "^1.0",
                "mockery/mockery": "^1.5",
                "php-parallel-lint/php-console-highlighter": "^1.0",
                "php-parallel-lint/php-parallel-lint": "^1.3",
                "phpcsstandards/phpcsutils": "^1.0.0-rc1",
                "phpspec/prophecy-phpunit": "^2.0",
                "phpstan/extension-installer": "^1.2",
                "phpstan/phpstan": "^1.9",
                "phpstan/phpstan-mockery": "^1.1",
                "phpstan/phpstan-phpunit": "^1.3",
                "phpunit/phpunit": "^9.5",
                "psalm/plugin-mockery": "^1.1",
                "psalm/plugin-phpunit": "^0.18.4",
                "ramsey/coding-standard": "^2.0.3",
                "ramsey/conventional-commits": "^1.3",
                "vimeo/psalm": "^5.4"
            },
            "type": "library",
            "extra": {
                "captainhook": {
                    "force-install": true
                },
                "ramsey/conventional-commits": {
                    "configFile": "conventional-commits.json"
                }
            },
            "autoload": {
                "psr-4": {
                    "Ramsey\\Collection\\": "src/"
                }
            },
            "notification-url": "https://packagist.org/downloads/",
            "license": [
                "MIT"
            ],
            "authors": [
                {
                    "name": "Ben Ramsey",
                    "email": "ben@benramsey.com",
                    "homepage": "https://benramsey.com"
                }
            ],
            "description": "A PHP library for representing and manipulating collections.",
            "keywords": [
                "array",
                "collection",
                "hash",
                "map",
                "queue",
                "set"
            ],
            "support": {
                "issues": "https://github.com/ramsey/collection/issues",
                "source": "https://github.com/ramsey/collection/tree/2.0.0"
            },
            "funding": [
                {
                    "url": "https://github.com/ramsey",
                    "type": "github"
                },
                {
                    "url": "https://tidelift.com/funding/github/packagist/ramsey/collection",
                    "type": "tidelift"
                }
            ],
            "time": "2022-12-31T21:50:55+00:00"
        },
        {
            "name": "ramsey/uuid",
            "version": "4.7.5",
            "source": {
                "type": "git",
                "url": "https://github.com/ramsey/uuid.git",
                "reference": "5f0df49ae5ad6efb7afa69e6bfab4e5b1e080d8e"
            },
            "dist": {
                "type": "zip",
                "url": "https://api.github.com/repos/ramsey/uuid/zipball/5f0df49ae5ad6efb7afa69e6bfab4e5b1e080d8e",
                "reference": "5f0df49ae5ad6efb7afa69e6bfab4e5b1e080d8e",
                "shasum": ""
            },
            "require": {
                "brick/math": "^0.8.8 || ^0.9 || ^0.10 || ^0.11",
                "ext-json": "*",
                "php": "^8.0",
                "ramsey/collection": "^1.2 || ^2.0"
            },
            "replace": {
                "rhumsaa/uuid": "self.version"
            },
            "require-dev": {
                "captainhook/captainhook": "^5.10",
                "captainhook/plugin-composer": "^5.3",
                "dealerdirect/phpcodesniffer-composer-installer": "^0.7.0",
                "doctrine/annotations": "^1.8",
                "ergebnis/composer-normalize": "^2.15",
                "mockery/mockery": "^1.3",
                "paragonie/random-lib": "^2",
                "php-mock/php-mock": "^2.2",
                "php-mock/php-mock-mockery": "^1.3",
                "php-parallel-lint/php-parallel-lint": "^1.1",
                "phpbench/phpbench": "^1.0",
                "phpstan/extension-installer": "^1.1",
                "phpstan/phpstan": "^1.8",
                "phpstan/phpstan-mockery": "^1.1",
                "phpstan/phpstan-phpunit": "^1.1",
                "phpunit/phpunit": "^8.5 || ^9",
                "ramsey/composer-repl": "^1.4",
                "slevomat/coding-standard": "^8.4",
                "squizlabs/php_codesniffer": "^3.5",
                "vimeo/psalm": "^4.9"
            },
            "suggest": {
                "ext-bcmath": "Enables faster math with arbitrary-precision integers using BCMath.",
                "ext-gmp": "Enables faster math with arbitrary-precision integers using GMP.",
                "ext-uuid": "Enables the use of PeclUuidTimeGenerator and PeclUuidRandomGenerator.",
                "paragonie/random-lib": "Provides RandomLib for use with the RandomLibAdapter",
                "ramsey/uuid-doctrine": "Allows the use of Ramsey\\Uuid\\Uuid as Doctrine field type."
            },
            "type": "library",
            "extra": {
                "captainhook": {
                    "force-install": true
                }
            },
            "autoload": {
                "files": [
                    "src/functions.php"
                ],
                "psr-4": {
                    "Ramsey\\Uuid\\": "src/"
                }
            },
            "notification-url": "https://packagist.org/downloads/",
            "license": [
                "MIT"
            ],
            "description": "A PHP library for generating and working with universally unique identifiers (UUIDs).",
            "keywords": [
                "guid",
                "identifier",
                "uuid"
            ],
            "support": {
                "issues": "https://github.com/ramsey/uuid/issues",
                "source": "https://github.com/ramsey/uuid/tree/4.7.5"
            },
            "funding": [
                {
                    "url": "https://github.com/ramsey",
                    "type": "github"
                },
                {
                    "url": "https://tidelift.com/funding/github/packagist/ramsey/uuid",
                    "type": "tidelift"
                }
            ],
            "time": "2023-11-08T05:53:05+00:00"
        },
        {
            "name": "telegram-bot/api",
            "version": "dev-master",
            "source": {
                "type": "git",
                "url": "https://github.com/TelegramBot/Api.git",
                "reference": "fcc024143015fbb522ae602f307cdd562833befb"
            },
            "dist": {
                "type": "zip",
                "url": "https://api.github.com/repos/TelegramBot/Api/zipball/fcc024143015fbb522ae602f307cdd562833befb",
                "reference": "fcc024143015fbb522ae602f307cdd562833befb",
                "shasum": ""
            },
            "require": {
                "ext-curl": "*",
                "ext-json": "*",
                "php": ">=5.5.0"
            },
            "require-dev": {
                "friendsofphp/php-cs-fixer": "~3.28.0",
                "guzzlehttp/guzzle": "^7.0",
                "php-http/multipart-stream-builder": "^1.0",
                "psr/http-client": "^1.0",
                "psr/http-factory": "^1.0",
                "symfony/http-client": "^4.3 | ^5.0 | ^6.0",
                "symfony/mime": "^4.3 | ^5.0 | ^6.0",
                "symfony/phpunit-bridge": "*",
                "vimeo/psalm": "^5.9"
            },
            "suggest": {
                "guzzlehttp/guzzle": "To use guzzlehttp/guzzle psr implementation",
                "php-http/multipart-stream-builder": "To use psr/http-client",
                "psr/http-client": "To use psr/http-client",
                "psr/http-factory": "To use psr/http-client",
                "symfony/http-client": "To use symfony/http-client",
                "symfony/mime": "To use symfony/http-client"
            },
            "default-branch": true,
            "type": "library",
            "extra": {
                "branch-alias": {
                    "dev-master": "2.6-dev"
                }
            },
            "autoload": {
                "psr-4": {
                    "TelegramBot\\Api\\": "src"
                }
            },
            "notification-url": "https://packagist.org/downloads/",
            "license": [
                "MIT"
            ],
            "authors": [
                {
                    "name": "Ilya Gusev",
                    "email": "mail@igusev.ru",
                    "homepage": "https://php-cat.com",
                    "role": "Developer"
                }
            ],
            "description": "PHP Wrapper for Telegram Bot API",
            "homepage": "https://github.com/TelegramBot/Api",
            "keywords": [
                "bot",
                "bot api",
                "php",
                "telegram"
            ],
            "support": {
                "issues": "https://github.com/TelegramBot/Api/issues",
                "source": "https://github.com/TelegramBot/Api/tree/master"
            },
            "time": "2023-09-29T10:23:04+00:00"
        },
        {
            "name": "webmozart/assert",
            "version": "1.11.0",
            "source": {
                "type": "git",
                "url": "https://github.com/webmozarts/assert.git",
                "reference": "11cb2199493b2f8a3b53e7f19068fc6aac760991"
            },
            "dist": {
                "type": "zip",
                "url": "https://api.github.com/repos/webmozarts/assert/zipball/11cb2199493b2f8a3b53e7f19068fc6aac760991",
                "reference": "11cb2199493b2f8a3b53e7f19068fc6aac760991",
                "shasum": ""
            },
            "require": {
                "ext-ctype": "*",
                "php": "^7.2 || ^8.0"
            },
            "conflict": {
                "phpstan/phpstan": "<0.12.20",
                "vimeo/psalm": "<4.6.1 || 4.6.2"
            },
            "require-dev": {
                "phpunit/phpunit": "^8.5.13"
            },
            "type": "library",
            "extra": {
                "branch-alias": {
                    "dev-master": "1.10-dev"
                }
            },
            "autoload": {
                "psr-4": {
                    "Webmozart\\Assert\\": "src/"
                }
            },
            "notification-url": "https://packagist.org/downloads/",
            "license": [
                "MIT"
            ],
            "authors": [
                {
                    "name": "Bernhard Schussek",
                    "email": "bschussek@gmail.com"
                }
            ],
            "description": "Assertions to validate method input/output with nice error messages.",
            "keywords": [
                "assert",
                "check",
                "validate"
            ],
            "support": {
                "issues": "https://github.com/webmozarts/assert/issues",
                "source": "https://github.com/webmozarts/assert/tree/1.11.0"
            },
            "time": "2022-06-03T18:03:27+00:00"
        }
    ],
    "packages-dev": [],
    "aliases": [],
    "minimum-stability": "dev",
    "stability-flags": {
        "losthost/telle": 20
    },
    "prefer-stable": false,
    "prefer-lowest": false,
    "platform": [],
    "platform-dev": [],
    "plugin-api-version": "2.3.0"
}
